
Microsoft Visual Studio Solution File, Format Version 12.00
# Visual Studio Version 17
VisualStudioVersion = 17.4.33213.308
MinimumVisualStudioVersion = 10.0.40219.1
Project("{FAE04EC0-301F-11D3-BF4B-00C04F79EFBC}") = "antras darbas", "antras darbas\antras darbas.csproj", "{EF67A3E4-56FD-403C-86F4-CD3CF2AB6335}"
EndProject
Global
	GlobalSection(SolutionConfigurationPlatforms) = preSolution
		Debug|Any CPU = Debug|Any CPU
		Release|Any CPU = Release|Any CPU
	EndGlobalSection
	GlobalSection(ProjectConfigurationPlatforms) = postSolution
		{EF67A3E4-56FD-403C-86F4-CD3CF2AB6335}.Debug|Any CPU.ActiveCfg = Debug|Any CPU
		{EF67A3E4-56FD-403C-86F4-CD3CF2AB6335}.Debug|Any CPU.Build.0 = Debug|Any CPU
		{EF67A3E4-56FD-403C-86F4-CD3CF2AB6335}.Release|Any CPU.ActiveCfg = Release|Any CPU
		{EF67A3E4-56FD-403C-86F4-CD3CF2AB6335}.Release|Any CPU.Build.0 = Release|Any CPU
	EndGlobalSection
	GlobalSection(SolutionProperties) = preSolution
		HideSolutionNode = FALSE
	EndGlobalSection
	GlobalSection(ExtensibilityGlobals) = postSolution
		SolutionGuid = {2829D9FA-88B7-40C4-8480-AE7E6E9396C8}
	EndGlobalSection
EndGlobal
